<?xml version="1.0" encoding="utf-8"?>
<Project ToolsVersion="17.0" xmlns="http://schemas.microsoft.com/developer/msbuild/2003">
  <ItemGroup>
    <CustomBuild Include="C:\Users\Axel\Documents\Projects\api-ms-azure\out\x64\tbb\CMakeFiles\9b7ed2f7ae00a5b9a470b0d1b7f4ed6d\RUN_TESTS_force.rule">
      <Filter>CMake Rules</Filter>
    </CustomBuild>
  </ItemGroup>
  <ItemGroup>
    <Filter Include="CMake Rules">
      <UniqueIdentifier>{93D11809-0A60-36B9-9D72-AC2BE5ECFDA3}</UniqueIdentifier>
    </Filter>
  </ItemGroup>
</Project>
