
Microsoft Visual Studio Solution File, Format Version 12.00
# Visual Studio Version 17
VisualStudioVersion = 17.14.36804.6 d17.14
MinimumVisualStudioVersion = 10.0.40219.1
Project("{8BC9CEB8-8B4A-11D0-8D11-00A0C91BC942}") = "tbb", "src\tbb\tbb.vcxproj", "{73284BFB-1CC9-3F5D-BF90-246CEFCD9CC3}"
EndProject
Project("{8BC9CEB8-8B4A-11D0-8D11-00A0C91BC942}") = "tbbmalloc", "src\tbbmalloc\tbbmalloc.vcxproj", "{5A070935-5BBD-3A62-8F8D-60E2F87DBC74}"
EndProject
Global
	GlobalSection(SolutionConfigurationPlatforms) = preSolution
		ASAN|x64 = ASAN|x64
		Debug|x64 = Debug|x64
		Release|x64 = Release|x64
	EndGlobalSection
	GlobalSection(ProjectConfigurationPlatforms) = postSolution
		{73284BFB-1CC9-3F5D-BF90-246CEFCD9CC3}.ASAN|x64.ActiveCfg = ASAN|x64
		{73284BFB-1CC9-3F5D-BF90-246CEFCD9CC3}.ASAN|x64.Build.0 = ASAN|x64
		{73284BFB-1CC9-3F5D-BF90-246CEFCD9CC3}.Debug|x64.ActiveCfg = Debug|x64
		{73284BFB-1CC9-3F5D-BF90-246CEFCD9CC3}.Debug|x64.Build.0 = Debug|x64
		{73284BFB-1CC9-3F5D-BF90-246CEFCD9CC3}.Release|x64.ActiveCfg = Release|x64
		{73284BFB-1CC9-3F5D-BF90-246CEFCD9CC3}.Release|x64.Build.0 = Release|x64
		{5A070935-5BBD-3A62-8F8D-60E2F87DBC74}.ASAN|x64.ActiveCfg = ASAN|x64
		{5A070935-5BBD-3A62-8F8D-60E2F87DBC74}.ASAN|x64.Build.0 = ASAN|x64
		{5A070935-5BBD-3A62-8F8D-60E2F87DBC74}.Debug|x64.ActiveCfg = Debug|x64
		{5A070935-5BBD-3A62-8F8D-60E2F87DBC74}.Debug|x64.Build.0 = Debug|x64
		{5A070935-5BBD-3A62-8F8D-60E2F87DBC74}.Release|x64.ActiveCfg = Release|x64
		{5A070935-5BBD-3A62-8F8D-60E2F87DBC74}.Release|x64.Build.0 = Release|x64
	EndGlobalSection
	GlobalSection(SolutionProperties) = preSolution
		HideSolutionNode = FALSE
	EndGlobalSection
	GlobalSection(ExtensibilityGlobals) = postSolution
		SolutionGuid = {8A8A033E-EFF1-32A4-BEF1-988F0F572415}
	EndGlobalSection
EndGlobal
